PODS:
  - background_downloader (0.0.1):
    - Flutter
  - Flutter (1.0.0)
  - flutter_gemma (0.12.6):
    - Flutter
    - MediaPipeTasksGenAI (= 0.10.24)
    - MediaPipeTasksGenAIC (= 0.10.24)
    - TensorFlowLiteC (= 0.0.1-nightly.20250619)
    - TensorFlowLiteSelectTfOps (= 0.0.1-nightly.20250619)
    - TensorFlowLiteSwift (= 0.0.1-nightly.20250619)
  - integration_test (0.0.1):
    - Flutter
  - large_file_handler (0.0.1):
    - Flutter
  - MediaPipeTasksGenAI (0.10.24):
    - MediaPipeTasksGenAIC (= 0.10.24)
  - MediaPipeTasksGenAIC (0.10.24)
  - shared_preferences_foundation (0.0.1):
    - Flutter
    - FlutterMacOS
  - TensorFlowLiteC (0.0.1-nightly.20250619):
    - TensorFlowLiteC/Core (= 0.0.1-nightly.20250619)
  - TensorFlowLiteC/Core (0.0.1-nightly.20250619)
  - TensorFlowLiteSelectTfOps (0.0.1-nightly.20250619)
  - TensorFlowLiteSwift (0.0.1-nightly.20250619):
    - TensorFlowLiteSwift/Core (= 0.0.1-nightly.20250619)
  - TensorFlowLiteSwift/Core (0.0.1-nightly.20250619):
    - TensorFlowLiteC (= 0.0.1-nightly.20250619)
    - TensorFlowLiteSwift/Privacy (= 0.0.1-nightly.20250619)
  - TensorFlowLiteSwift/Privacy (0.0.1-nightly.20250619)

DEPENDENCIES:
  - background_downloader (from `.symlinks/plugins/background_downloader/ios`)
  - Flutter (from `Flutter`)
  - flutter_gemma (from `.symlinks/plugins/flutter_gemma/ios`)
  - integration_test (from `.symlinks/plugins/integration_test/ios`)
  - large_file_handler (from `.symlinks/plugins/large_file_handler/ios`)
  - shared_preferences_foundation (from `.symlinks/plugins/shared_preferences_foundation/darwin`)

SPEC REPOS:
  trunk:
    - MediaPipeTasksGenAI
    - MediaPipeTasksGenAIC
    - TensorFlowLiteC
    - TensorFlowLiteSelectTfOps
    - TensorFlowLiteSwift

EXTERNAL SOURCES:
  background_downloader:
    :path: ".symlinks/plugins/background_downloader/ios"
  Flutter:
    :path: Flutter
  flutter_gemma:
    :path: ".symlinks/plugins/flutter_gemma/ios"
  integration_test:
    :path: ".symlinks/plugins/integration_test/ios"
  large_file_handler:
    :path: ".symlinks/plugins/large_file_handler/ios"
  shared_preferences_foundation:
    :path: ".symlinks/plugins/shared_preferences_foundation/darwin"

SPEC CHECKSUMS:
  background_downloader: 50e91d979067b82081aba359d7d916b3ba5fadad
  Flutter: cabc95a1d2626b1b06e7179b784ebcf0c0cde467
  flutter_gemma: 7ce2780a9f4afaa3ba14efc24841415994e3b2c0
  integration_test: 4a889634ef21a45d28d50d622cf412dc6d9f586e
  large_file_handler: b37481e9b4972562ffcdc8f75700f47cd592bcec
  MediaPipeTasksGenAI: 076ba7032a6e9da16db9c7cf0c3b67c751c18bc1
  MediaPipeTasksGenAIC: ec35d9f431f6a6b651a0bc9f67a4ed149ffa575c
  shared_preferences_foundation: 7036424c3d8ec98dfe75ff1667cb0cd531ec82bb
  TensorFlowLiteC: 215ef57653dd0fa09a474e7d94d79ae64a870b28
  TensorFlowLiteSelectTfOps: c71d7dcd063f5d66ae1b9a85cc5aa993f824eff9
  TensorFlowLiteSwift: 6de8da348de331778167a0f751ad74c41d8b0554

PODFILE CHECKSUM: 75a07cf668f233ba6b3df3e1a4f74b297929428f

COCOAPODS: 1.16.2
