PODS:
  - background_downloader (0.0.1):
    - Flutter
  - Flutter (1.0.0)
  - flutter_gemma (0.11.14):
    - Flutter
    - MediaPipeTasksGenAI (= 0.10.24)
    - MediaPipeTasksGenAIC (= 0.10.24)
    - TensorFlowLiteC (= 0.0.1-nightly.20250619)
    - TensorFlowLiteSelectTfOps (= 0.0.1-nightly.20250619)
    - TensorFlowLiteSwift (= 0.0.1-nightly.20250619)
  - image_picker_ios (0.0.1):
    - Flutter
  - integration_test (0.0.1):
    - Flutter
  - large_file_handler (0.0.1):
    - Flutter
  - MediaPipeTasksGenAI (0.10.24):
    - MediaPipeTasksGenAIC (= 0.10.24)
  - MediaPipeTasksGenAIC (0.10.24)
  - path_provider_foundation (0.0.1):
    - Flutter
    - FlutterMacOS
  - shared_preferences_foundation (0.0.1):
    - Flutter
    - FlutterMacOS
  - TensorFlowLiteC (0.0.1-nightly.20250619):
    - TensorFlowLiteC/Core (= 0.0.1-nightly.20250619)
  - TensorFlowLiteC/Core (0.0.1-nightly.20250619)
  - TensorFlowLiteSelectTfOps (0.0.1-nightly.20250619)
  - TensorFlowLiteSwift (0.0.1-nightly.20250619):
    - TensorFlowLiteSwift/Core (= 0.0.1-nightly.20250619)
  - TensorFlowLiteSwift/Core (0.0.1-nightly.20250619):
    - TensorFlowLiteC (= 0.0.1-nightly.20250619)
    - TensorFlowLiteSwift/Privacy (= 0.0.1-nightly.20250619)
  - TensorFlowLiteSwift/Privacy (0.0.1-nightly.20250619)
  - url_launcher_ios (0.0.1):
    - Flutter

DEPENDENCIES:
  - background_downloader (from `.symlinks/plugins/background_downloader/ios`)
  - Flutter (from `Flutter`)
  - flutter_gemma (from `.symlinks/plugins/flutter_gemma/ios`)
  - image_picker_ios (from `.symlinks/plugins/image_picker_ios/ios`)
  - integration_test (from `.symlinks/plugins/integration_test/ios`)
  - large_file_handler (from `.symlinks/plugins/large_file_handler/ios`)
  - path_provider_foundation (from `.symlinks/plugins/path_provider_foundation/darwin`)
  - shared_preferences_foundation (from `.symlinks/plugins/shared_preferences_foundation/darwin`)
  - url_launcher_ios (from `.symlinks/plugins/url_launcher_ios/ios`)

SPEC REPOS:
  trunk:
    - MediaPipeTasksGenAI
    - MediaPipeTasksGenAIC
    - TensorFlowLiteC
    - TensorFlowLiteSelectTfOps
    - TensorFlowLiteSwift

EXTERNAL SOURCES:
  background_downloader:
    :path: ".symlinks/plugins/background_downloader/ios"
  Flutter:
    :path: Flutter
  flutter_gemma:
    :path: ".symlinks/plugins/flutter_gemma/ios"
  image_picker_ios:
    :path: ".symlinks/plugins/image_picker_ios/ios"
  integration_test:
    :path: ".symlinks/plugins/integration_test/ios"
  large_file_handler:
    :path: ".symlinks/plugins/large_file_handler/ios"
  path_provider_foundation:
    :path: ".symlinks/plugins/path_provider_foundation/darwin"
  shared_preferences_foundation:
    :path: ".symlinks/plugins/shared_preferences_foundation/darwin"
  url_launcher_ios:
    :path: ".symlinks/plugins/url_launcher_ios/ios"

SPEC CHECKSUMS:
  background_downloader: 50e91d979067b82081aba359d7d916b3ba5fadad
  Flutter: cabc95a1d2626b1b06e7179b784ebcf0c0cde467
  flutter_gemma: 325eeb800ed1b7d89fb403488c191da14e3a884a
  image_picker_ios: 7fe1ff8e34c1790d6fff70a32484959f563a928a
  integration_test: 4a889634ef21a45d28d50d622cf412dc6d9f586e
  large_file_handler: b37481e9b4972562ffcdc8f75700f47cd592bcec
  MediaPipeTasksGenAI: 076ba7032a6e9da16db9c7cf0c3b67c751c18bc1
  MediaPipeTasksGenAIC: ec35d9f431f6a6b651a0bc9f67a4ed149ffa575c
  path_provider_foundation: 080d55be775b7414fd5a5ef3ac137b97b097e564
  shared_preferences_foundation: 9e1978ff2562383bd5676f64ec4e9aa8fa06a6f7
  TensorFlowLiteC: 215ef57653dd0fa09a474e7d94d79ae64a870b28
  TensorFlowLiteSelectTfOps: c71d7dcd063f5d66ae1b9a85cc5aa993f824eff9
  TensorFlowLiteSwift: 6de8da348de331778167a0f751ad74c41d8b0554
  url_launcher_ios: 694010445543906933d732453a59da0a173ae33d

PODFILE CHECKSUM: 385352bed6848ade8e0c551cdeb2c2305e05e5bb

COCOAPODS: 1.16.2
