PODS:
  - Flutter (1.0.0)
  - flutter_gemma_mediapipe (1.0.4):
    - Flutter
    - MediaPipeTasksGenAI (= 0.10.33)
    - MediaPipeTasksGenAIC (= 0.10.33)
  - flutter_inappwebview_ios (0.0.1):
    - Flutter
    - flutter_inappwebview_ios/Core (= 0.0.1)
    - OrderedSet (~> 6.0.3)
  - flutter_inappwebview_ios/Core (0.0.1):
    - Flutter
    - OrderedSet (~> 6.0.3)
  - MediaPipeTasksGenAI (0.10.33):
    - MediaPipeTasksGenAIC (= 0.10.33)
  - MediaPipeTasksGenAIC (0.10.33)
  - OrderedSet (6.0.3)

DEPENDENCIES:
  - Flutter (from `Flutter`)
  - flutter_gemma_mediapipe (from `.symlinks/plugins/flutter_gemma_mediapipe/ios`)
  - flutter_inappwebview_ios (from `.symlinks/plugins/flutter_inappwebview_ios/ios`)

SPEC REPOS:
  trunk:
    - MediaPipeTasksGenAI
    - MediaPipeTasksGenAIC
    - OrderedSet

EXTERNAL SOURCES:
  Flutter:
    :path: Flutter
  flutter_gemma_mediapipe:
    :path: ".symlinks/plugins/flutter_gemma_mediapipe/ios"
  flutter_inappwebview_ios:
    :path: ".symlinks/plugins/flutter_inappwebview_ios/ios"

SPEC CHECKSUMS:
  Flutter: cabc95a1d2626b1b06e7179b784ebcf0c0cde467
  flutter_gemma_mediapipe: 9f914ffd91280c77be1026cd6ced94dc8647d4f5
  flutter_inappwebview_ios: b89ba3482b96fb25e00c967aae065701b66e9b99
  MediaPipeTasksGenAI: 8eed8e6d03fe26d30c4205cb5295ec7b394432ad
  MediaPipeTasksGenAIC: cb098ecea44e248efe8fe7e2f62b4cb0df781802
  OrderedSet: e539b66b644ff081c73a262d24ad552a69be3a94

PODFILE CHECKSUM: b9a8b2ef627faec4d104ff6fe16fc69c3bd87359

COCOAPODS: 1.16.2
