PODS:
  - Flutter (1.0.0)
  - flutter_gemma_mediapipe (0.1.0):
    - Flutter
    - MediaPipeTasksGenAI (= 0.10.33)
    - MediaPipeTasksGenAIC (= 0.10.33)
  - MediaPipeTasksGenAI (0.10.33):
    - MediaPipeTasksGenAIC (= 0.10.33)
  - MediaPipeTasksGenAIC (0.10.33)

DEPENDENCIES:
  - Flutter (from `Flutter`)
  - flutter_gemma_mediapipe (from `.symlinks/plugins/flutter_gemma_mediapipe/ios`)

SPEC REPOS:
  trunk:
    - MediaPipeTasksGenAI
    - MediaPipeTasksGenAIC

EXTERNAL SOURCES:
  Flutter:
    :path: Flutter
  flutter_gemma_mediapipe:
    :path: ".symlinks/plugins/flutter_gemma_mediapipe/ios"

SPEC CHECKSUMS:
  Flutter: cabc95a1d2626b1b06e7179b784ebcf0c0cde467
  flutter_gemma_mediapipe: 4b7c676ab06a0ba2888e926885f451aec10847b2
  MediaPipeTasksGenAI: 8eed8e6d03fe26d30c4205cb5295ec7b394432ad
  MediaPipeTasksGenAIC: cb098ecea44e248efe8fe7e2f62b4cb0df781802

PODFILE CHECKSUM: 53b8e8521f07aac58aa301c168e0c12bcb0abac1

COCOAPODS: 1.16.2
