PODS:
  - flutter_gemma (0.14.0):
    - FlutterMacOS
  - FlutterMacOS (1.0.0)

DEPENDENCIES:
  - flutter_gemma (from `Flutter/ephemeral/.symlinks/plugins/flutter_gemma/macos`)
  - FlutterMacOS (from `Flutter/ephemeral`)

EXTERNAL SOURCES:
  flutter_gemma:
    :path: Flutter/ephemeral/.symlinks/plugins/flutter_gemma/macos
  FlutterMacOS:
    :path: Flutter/ephemeral

SPEC CHECKSUMS:
  flutter_gemma: 6d2de93c6472b2509a7b585de171de2c3a4447b6
  FlutterMacOS: d0db08ddef1a9af05a5ec4b724367152bb0500b1

PODFILE CHECKSUM: 91fd22244cb06e360ba5496c234dd3f53c3d67bb

COCOAPODS: 1.16.2
